
Microsoft Visual Studio Solution File, Format Version 12.00
# Visual Studio Version 17
VisualStudioVersion = 17.12.35521.163
MinimumVisualStudioVersion = 10.0.40219.1
Project("{2150E333-8FDC-42A3-9474-1A3956D46DE8}") = "src", "src", "{0C86B15F-1EF2-48DA-843E-7A8D1C753943}"
EndProject
Project("{FAE04EC0-301F-11D3-BF4B-00C04F79EFBC}") = "Fundamental.Domain", "src\Domain\Fundamental.Domain\Fundamental.Domain.csproj", "{3ADE6D04-F59C-4458-AD26-412D89A49643}"
EndProject
Project("{FAE04EC0-301F-11D3-BF4B-00C04F79EFBC}") = "Fundamental.BuildingBlock", "src\BuildingBlock\Fundamental.BuildingBlock\Fundamental.BuildingBlock.csproj", "{14863FAC-188F-4CD2-A871-62D329116B60}"
EndProject
Project("{FAE04EC0-301F-11D3-BF4B-00C04F79EFBC}") = "Fundamental.Application", "src\Application\Fundamental.Application\Fundamental.Application.csproj", "{6FE3B51A-1FE8-4051-880C-5D37DECA12FD}"
EndProject
Project("{FAE04EC0-301F-11D3-BF4B-00C04F79EFBC}") = "Fundamental.Infrastructure", "src\Infrastructure\Fundamental.Infrastructure\Fundamental.Infrastructure.csproj", "{FC61D832-26A5-4B5E-A3ED-66F10820D034}"
EndProject
Project("{FAE04EC0-301F-11D3-BF4B-00C04F79EFBC}") = "Fundamental.WebApi", "src\Presentation\Fundamental.WebApi\Fundamental.WebApi.csproj", "{E48F5F06-C463-44E1-8C63-9E08454A4041}"
EndProject
Project("{2150E333-8FDC-42A3-9474-1A3956D46DE8}") = "analyzers", "analyzers", "{4BC0C234-9881-4B54-A300-E6BBB4D3D716}"
	ProjectSection(SolutionItems) = preProject
		analyzers\Analyzers.ruleset = analyzers\Analyzers.ruleset
		analyzers\TestingAnalyzers.ruleset = analyzers\TestingAnalyzers.ruleset
	EndProjectSection
EndProject
Project("{2150E333-8FDC-42A3-9474-1A3956D46DE8}") = "config", "config", "{F45A4DC7-19ED-4B83-B6BA-52F2C9052CF6}"
	ProjectSection(SolutionItems) = preProject
		.editorconfig = .editorconfig
		.gitignore = .gitignore
		Directory.Build.props = Directory.Build.props
		global.json = global.json
	EndProjectSection
EndProject
Project("{FAE04EC0-301F-11D3-BF4B-00C04F79EFBC}") = "ErrorHandling", "src\BuildingBlock\ErrorHandling\ErrorHandling.csproj", "{F327A8DC-213C-4153-A90A-26F1EE49B281}"
EndProject
Project("{FAE04EC0-301F-11D3-BF4B-00C04F79EFBC}") = "Web.Common", "src\Presentation\Web.Common\Web.Common.csproj", "{3C99AABB-18D6-440B-A67C-DFE4A6BB30FC}"
EndProject
Project("{FAE04EC0-301F-11D3-BF4B-00C04F79EFBC}") = "ErrorHandling.AspNetCore", "src\BuildingBlock\ErrorHandling.AspNetCore\ErrorHandling.AspNetCore.csproj", "{7E4F24B3-B6F8-4807-8957-5F881945A62B}"
EndProject
Project("{FAE04EC0-301F-11D3-BF4B-00C04F79EFBC}") = "Migrations", "src\Infrastructure\Migrations\Migrations.csproj", "{CE71847B-0A5D-45F4-BA4D-8C1A5C0428C8}"
EndProject
Project("{2150E333-8FDC-42A3-9474-1A3956D46DE8}") = "tests", "tests", "{FDB0CF81-23A8-4428-8FA8-F27615360250}"
EndProject
Project("{2150E333-8FDC-42A3-9474-1A3956D46DE8}") = "UnitTests", "UnitTests", "{C650329A-D80D-40CE-B8F5-5A428F0DD74D}"
EndProject
Project("{FAE04EC0-301F-11D3-BF4B-00C04F79EFBC}") = "Domain.UnitTests", "tests\UnitTests\Domain.UnitTests\Domain.UnitTests.csproj", "{7346F2A5-1F57-419A-8B81-5067073C0469}"
EndProject
Project("{FAE04EC0-301F-11D3-BF4B-00C04F79EFBC}") = "BuildingBlock.UnitTests", "tests\UnitTests\BuildingBlock.UnitTests\BuildingBlock.UnitTests.csproj", "{373AC146-F36D-42F0-95F2-7369C969A5E1}"
EndProject
Project("{FAE04EC0-301F-11D3-BF4B-00C04F79EFBC}") = "Application.UnitTests", "tests\UnitTests\Application.UnitTests\Application.UnitTests.csproj", "{ABFC8207-8DC0-4CAF-BBEC-89A06E880048}"
EndProject
Global
	GlobalSection(SolutionConfigurationPlatforms) = preSolution
		Debug|Any CPU = Debug|Any CPU
		Release|Any CPU = Release|Any CPU
	EndGlobalSection
	GlobalSection(ProjectConfigurationPlatforms) = postSolution
		{3ADE6D04-F59C-4458-AD26-412D89A49643}.Debug|Any CPU.ActiveCfg = Debug|Any CPU
		{3ADE6D04-F59C-4458-AD26-412D89A49643}.Debug|Any CPU.Build.0 = Debug|Any CPU
		{3ADE6D04-F59C-4458-AD26-412D89A49643}.Release|Any CPU.ActiveCfg = Release|Any CPU
		{3ADE6D04-F59C-4458-AD26-412D89A49643}.Release|Any CPU.Build.0 = Release|Any CPU
		{14863FAC-188F-4CD2-A871-62D329116B60}.Debug|Any CPU.ActiveCfg = Debug|Any CPU
		{14863FAC-188F-4CD2-A871-62D329116B60}.Debug|Any CPU.Build.0 = Debug|Any CPU
		{14863FAC-188F-4CD2-A871-62D329116B60}.Release|Any CPU.ActiveCfg = Release|Any CPU
		{14863FAC-188F-4CD2-A871-62D329116B60}.Release|Any CPU.Build.0 = Release|Any CPU
		{6FE3B51A-1FE8-4051-880C-5D37DECA12FD}.Debug|Any CPU.ActiveCfg = Debug|Any CPU
		{6FE3B51A-1FE8-4051-880C-5D37DECA12FD}.Debug|Any CPU.Build.0 = Debug|Any CPU
		{6FE3B51A-1FE8-4051-880C-5D37DECA12FD}.Release|Any CPU.ActiveCfg = Release|Any CPU
		{6FE3B51A-1FE8-4051-880C-5D37DECA12FD}.Release|Any CPU.Build.0 = Release|Any CPU
		{FC61D832-26A5-4B5E-A3ED-66F10820D034}.Debug|Any CPU.ActiveCfg = Debug|Any CPU
		{FC61D832-26A5-4B5E-A3ED-66F10820D034}.Debug|Any CPU.Build.0 = Debug|Any CPU
		{FC61D832-26A5-4B5E-A3ED-66F10820D034}.Release|Any CPU.ActiveCfg = Release|Any CPU
		{FC61D832-26A5-4B5E-A3ED-66F10820D034}.Release|Any CPU.Build.0 = Release|Any CPU
		{E48F5F06-C463-44E1-8C63-9E08454A4041}.Debug|Any CPU.ActiveCfg = Debug|Any CPU
		{E48F5F06-C463-44E1-8C63-9E08454A4041}.Debug|Any CPU.Build.0 = Debug|Any CPU
		{E48F5F06-C463-44E1-8C63-9E08454A4041}.Release|Any CPU.ActiveCfg = Release|Any CPU
		{E48F5F06-C463-44E1-8C63-9E08454A4041}.Release|Any CPU.Build.0 = Release|Any CPU
		{F327A8DC-213C-4153-A90A-26F1EE49B281}.Debug|Any CPU.ActiveCfg = Debug|Any CPU
		{F327A8DC-213C-4153-A90A-26F1EE49B281}.Debug|Any CPU.Build.0 = Debug|Any CPU
		{F327A8DC-213C-4153-A90A-26F1EE49B281}.Release|Any CPU.ActiveCfg = Release|Any CPU
		{F327A8DC-213C-4153-A90A-26F1EE49B281}.Release|Any CPU.Build.0 = Release|Any CPU
		{3C99AABB-18D6-440B-A67C-DFE4A6BB30FC}.Debug|Any CPU.ActiveCfg = Debug|Any CPU
		{3C99AABB-18D6-440B-A67C-DFE4A6BB30FC}.Debug|Any CPU.Build.0 = Debug|Any CPU
		{3C99AABB-18D6-440B-A67C-DFE4A6BB30FC}.Release|Any CPU.ActiveCfg = Release|Any CPU
		{3C99AABB-18D6-440B-A67C-DFE4A6BB30FC}.Release|Any CPU.Build.0 = Release|Any CPU
		{7E4F24B3-B6F8-4807-8957-5F881945A62B}.Debug|Any CPU.ActiveCfg = Debug|Any CPU
		{7E4F24B3-B6F8-4807-8957-5F881945A62B}.Debug|Any CPU.Build.0 = Debug|Any CPU
		{7E4F24B3-B6F8-4807-8957-5F881945A62B}.Release|Any CPU.ActiveCfg = Release|Any CPU
		{7E4F24B3-B6F8-4807-8957-5F881945A62B}.Release|Any CPU.Build.0 = Release|Any CPU
		{CE71847B-0A5D-45F4-BA4D-8C1A5C0428C8}.Debug|Any CPU.ActiveCfg = Debug|Any CPU
		{CE71847B-0A5D-45F4-BA4D-8C1A5C0428C8}.Debug|Any CPU.Build.0 = Debug|Any CPU
		{CE71847B-0A5D-45F4-BA4D-8C1A5C0428C8}.Release|Any CPU.ActiveCfg = Release|Any CPU
		{CE71847B-0A5D-45F4-BA4D-8C1A5C0428C8}.Release|Any CPU.Build.0 = Release|Any CPU
		{7346F2A5-1F57-419A-8B81-5067073C0469}.Debug|Any CPU.ActiveCfg = Debug|Any CPU
		{7346F2A5-1F57-419A-8B81-5067073C0469}.Debug|Any CPU.Build.0 = Debug|Any CPU
		{7346F2A5-1F57-419A-8B81-5067073C0469}.Release|Any CPU.ActiveCfg = Release|Any CPU
		{7346F2A5-1F57-419A-8B81-5067073C0469}.Release|Any CPU.Build.0 = Release|Any CPU
		{373AC146-F36D-42F0-95F2-7369C969A5E1}.Debug|Any CPU.ActiveCfg = Debug|Any CPU
		{373AC146-F36D-42F0-95F2-7369C969A5E1}.Debug|Any CPU.Build.0 = Debug|Any CPU
		{373AC146-F36D-42F0-95F2-7369C969A5E1}.Release|Any CPU.ActiveCfg = Release|Any CPU
		{373AC146-F36D-42F0-95F2-7369C969A5E1}.Release|Any CPU.Build.0 = Release|Any CPU
		{ABFC8207-8DC0-4CAF-BBEC-89A06E880048}.Debug|Any CPU.ActiveCfg = Debug|Any CPU
		{ABFC8207-8DC0-4CAF-BBEC-89A06E880048}.Debug|Any CPU.Build.0 = Debug|Any CPU
		{ABFC8207-8DC0-4CAF-BBEC-89A06E880048}.Release|Any CPU.ActiveCfg = Release|Any CPU
		{ABFC8207-8DC0-4CAF-BBEC-89A06E880048}.Release|Any CPU.Build.0 = Release|Any CPU
	EndGlobalSection
	GlobalSection(SolutionProperties) = preSolution
		HideSolutionNode = FALSE
	EndGlobalSection
	GlobalSection(NestedProjects) = preSolution
		{3ADE6D04-F59C-4458-AD26-412D89A49643} = {0C86B15F-1EF2-48DA-843E-7A8D1C753943}
		{14863FAC-188F-4CD2-A871-62D329116B60} = {0C86B15F-1EF2-48DA-843E-7A8D1C753943}
		{6FE3B51A-1FE8-4051-880C-5D37DECA12FD} = {0C86B15F-1EF2-48DA-843E-7A8D1C753943}
		{FC61D832-26A5-4B5E-A3ED-66F10820D034} = {0C86B15F-1EF2-48DA-843E-7A8D1C753943}
		{E48F5F06-C463-44E1-8C63-9E08454A4041} = {0C86B15F-1EF2-48DA-843E-7A8D1C753943}
		{F327A8DC-213C-4153-A90A-26F1EE49B281} = {0C86B15F-1EF2-48DA-843E-7A8D1C753943}
		{3C99AABB-18D6-440B-A67C-DFE4A6BB30FC} = {0C86B15F-1EF2-48DA-843E-7A8D1C753943}
		{7E4F24B3-B6F8-4807-8957-5F881945A62B} = {0C86B15F-1EF2-48DA-843E-7A8D1C753943}
		{CE71847B-0A5D-45F4-BA4D-8C1A5C0428C8} = {0C86B15F-1EF2-48DA-843E-7A8D1C753943}
		{C650329A-D80D-40CE-B8F5-5A428F0DD74D} = {FDB0CF81-23A8-4428-8FA8-F27615360250}
		{7346F2A5-1F57-419A-8B81-5067073C0469} = {C650329A-D80D-40CE-B8F5-5A428F0DD74D}
		{373AC146-F36D-42F0-95F2-7369C969A5E1} = {C650329A-D80D-40CE-B8F5-5A428F0DD74D}
		{ABFC8207-8DC0-4CAF-BBEC-89A06E880048} = {C650329A-D80D-40CE-B8F5-5A428F0DD74D}
	EndGlobalSection
EndGlobal
